// !$*UTF8*$!
{
	archiveVersion = 1;
	classes = {
	};
	objectVersion = 50;
	objects = {

/* Begin PBXBuildFile section */
		084AAC1F2590438D0023BFFA /* AppDelegate.swift in Sources */ = {isa = PBXBuildFile; fileRef = 084AAC1E2590438D0023BFFA /* AppDelegate.swift */; };
		084AAC212590438D0023BFFA /* ViewController.swift in Sources */ = {isa = PBXBuildFile; fileRef = 084AAC202590438D0023BFFA /* ViewController.swift */; };
		084AAC262590438D0023BFFA /* Main.storyboard in Resources */ = {isa = PBXBuildFile; fileRef = 084AAC242590438D0023BFFA /* Main.storyboard */; };
		084AAC282590438E0023BFFA /* Assets.xcassets in Resources */ = {isa = PBXBuildFile; fileRef = 084AAC272590438E0023BFFA /* Assets.xcassets */; };
		084AAC2B2590438E0023BFFA /* LaunchScreen.storyboard in Resources */ = {isa = PBXBuildFile; fileRef = 084AAC292590438E0023BFFA /* LaunchScreen.storyboard */; };
		08A4BB9B25BE01630099D7DC /* TinyToyTank.rcproject in Sources */ = {isa = PBXBuildFile; fileRef = 08A4BB9A25BE01630099D7DC /* TinyToyTank.rcproject */; };
/* End PBXBuildFile section */

/* Begin PBXFileReference section */
		084AAC1B2590438D0023BFFA /* ARTankDemo.app */ = {isa = PBXFileReference; explicitFileType = wrapper.application; includeInIndex = 0; path = ARTankDemo.app; sourceTree = BUILT_PRODUCTS_DIR; };
		084AAC1E2590438D0023BFFA /* AppDelegate.swift */ = {isa = PBXFileReference; lastKnownFileType = sourcecode.swift; path = AppDelegate.swift; sourceTree = "<group>"; };
		084AAC202590438D0023BFFA /* ViewController.swift */ = {isa = PBXFileReference; lastKnownFileType = sourcecode.swift; path = ViewController.swift; sourceTree = "<group>"; };
		084AAC252590438D0023BFFA /* Base */ = {isa = PBXFileReference; lastKnownFileType = file.storyboard; name = Base; path = Base.lproj/Main.storyboard; sourceTree = "<group>"; };
		084AAC272590438E0023BFFA /* Assets.xcassets */ = {isa = PBXFileReference; lastKnownFileType = folder.assetcatalog; path = Assets.xcassets; sourceTree = "<group>"; };
		084AAC2A2590438E0023BFFA /* Base */ = {isa = PBXFileReference; lastKnownFileType = file.storyboard; name = Base; path = Base.lproj/LaunchScreen.storyboard; sourceTree = "<group>"; };
		084AAC2C2590438E0023BFFA /* Info.plist */ = {isa = PBXFileReference; lastKnownFileType = text.plist.xml; path = Info.plist; sourceTree = "<group>"; };
		08A4BB9A25BE01630099D7DC /* TinyToyTank.rcproject */ = {isa = PBXFileReference; lastKnownFileType = file.rcproject; path = TinyToyTank.rcproject; sourceTree = "<group>"; };
/* End PBXFileReference section */

/* Begin PBXFrameworksBuildPhase section */
		084AAC182590438D0023BFFA /* Frameworks */ = {
			isa = PBXFrameworksBuildPhase;
			buildActionMask = 2147483647;
			files = (
			);
			runOnlyForDeploymentPostprocessing = 0;
		};
/* End PBXFrameworksBuildPhase section */

/* Begin PBXGroup section */
		084AAC122590438D0023BFFA = {
			isa = PBXGroup;
			children = (
				084AAC1D2590438D0023BFFA /* ARTankDemo */,
				084AAC1C2590438D0023BFFA /* Products */,
			);
			sourceTree = "<group>";
		};
		084AAC1C2590438D0023BFFA /* Products */ = {
			isa = PBXGroup;
			children = (
				084AAC1B2590438D0023BFFA /* ARTankDemo.app */,
			);
			name = Products;
			sourceTree = "<group>";
		};
		084AAC1D2590438D0023BFFA /* ARTankDemo */ = {
			isa = PBXGroup;
			children = (
				084AAC1E2590438D0023BFFA /* AppDelegate.swift */,
				084AAC202590438D0023BFFA /* ViewController.swift */,
				084AAC242590438D0023BFFA /* Main.storyboard */,
				08A4BB9A25BE01630099D7DC /* TinyToyTank.rcproject */,
				084AAC272590438E0023BFFA /* Assets.xcassets */,
				084AAC292590438E0023BFFA /* LaunchScreen.storyboard */,
				084AAC2C2590438E0023BFFA /* Info.plist */,
			);
			path = ARTankDemo;
			sourceTree = "<group>";
		};
/* End PBXGroup section */

/* Begin PBXNativeTarget section */
		084AAC1A2590438D0023BFFA /* ARTankDemo */ = {
			isa = PBXNativeTarget;
			buildConfigurationList = 084AAC2F2590438E0023BFFA /* Build configuration list for PBXNativeTarget "ARTankDemo" */;
			buildPhases = (
				084AAC172590438D0023BFFA /* Sources */,
				084AAC182590438D0023BFFA /* Frameworks */,
				084AAC192590438D0023BFFA /* Resources */,
			);
			buildRules = (
			);
			dependencies = (
			);
			name = ARTankDemo;
			productName = ARTankDemo;
			productReference = 084AAC1B2590438D0023BFFA /* ARTankDemo.app */;
			productType = "com.apple.product-type.application";
		};
/* End PBXNativeTarget section */

/* Begin PBXProject section */
		084AAC132590438D0023BFFA /* Project object */ = {
			isa = PBXProject;
			attributes = {
				LastSwiftUpdateCheck = 1230;
				LastUpgradeCheck = 1230;
				TargetAttributes = {
					084AAC1A2590438D0023BFFA = {
						CreatedOnToolsVersion = 12.3;
					};
				};
			};
			buildConfigurationList = 084AAC162590438D0023BFFA /* Build configuration list for PBXProject "ARTankDemo" */;
			compatibilityVersion = "Xcode 9.3";
			developmentRegion = en;
			hasScannedForEncodings = 0;
			knownRegions = (
				en,
				Base,
			);
			mainGroup = 084AAC122590438D0023BFFA;
			productRefGroup = 084AAC1C2590438D0023BFFA /* Products */;
			projectDirPath = "";
			projectRoot = "";
			targets = (
				084AAC1A2590438D0023BFFA /* ARTankDemo */,
			);
		};
/* End PBXProject section */

/* Begin PBXResourcesBuildPhase section */
		084AAC192590438D0023BFFA /* Resources */ = {
			isa = PBXResourcesBuildPhase;
			buildActionMask = 2147483647;
			files = (
				084AAC2B2590438E0023BFFA /* LaunchScreen.storyboard in Resources */,
				084AAC282590438E0023BFFA /* Assets.xcassets in Resources */,
				084AAC262590438D0023BFFA /* Main.storyboard in Resources */,
			);
			runOnlyForDeploymentPostprocessing = 0;
		};
/* End PBXResourcesBuildPhase section */

/* Begin PBXSourcesBuildPhase section */
		084AAC172590438D0023BFFA /* Sources */ = {
			isa = PBXSourcesBuildPhase;
			buildActionMask = 2147483647;
			files = (
				084AAC212590438D0023BFFA /* ViewController.swift in Sources */,
				084AAC1F2590438D0023BFFA /* AppDelegate.swift in Sources */,
				08A4BB9B25BE01630099D7DC /* TinyToyTank.rcproject in Sources */,
			);
			runOnlyForDeploymentPostprocessing = 0;
		};
/* End PBXSourcesBuildPhase section */

/* Begin PBXVariantGroup section */
		084AAC242590438D0023BFFA /* Main.storyboard */ = {
			isa = PBXVariantGroup;
			children = (
				084AAC252590438D0023BFFA /* Base */,
			);
			name = Main.storyboard;
			sourceTree = "<group>";
		};
		084AAC292590438E0023BFFA /* LaunchScreen.storyboard */ = {
			isa = PBXVariantGroup;
			children = (
				084AAC2A2590438E0023BFFA /* Base */,
			);
			name = LaunchScreen.storyboard;
			sourceTree = "<group>";
		};
/* End PBXVariantGroup section */

/* Begin XCBuildConfiguration section */
		084AAC2D2590438E0023BFFA /* Debug */ = {
			isa = XCBuildConfiguration;
			buildSettings = {
				ALWAYS_SEARCH_USER_PATHS = NO;
				CLANG_ANALYZER_NONNULL = YES;
				CLANG_ANALYZER_NUMBER_OBJECT_CONVERSION = YES_AGGRESSIVE;
				CLANG_CXX_LANGUAGE_STANDARD = "gnu++14";
				CLANG_CXX_LIBRARY = "libc++";
				CLANG_ENABLE_MODULES = YES;
				CLANG_ENABLE_OBJC_ARC = YES;
				CLANG_ENABLE_OBJC_WEAK = YES;
				CLANG_WARN_BLOCK_CAPTURE_AUTORELEASING = YES;
				CLANG_WARN_BOOL_CONVERSION = YES;
				CLANG_WARN_COMMA = YES;
				CLANG_WARN_CONSTANT_CONVERSION = YES;
				CLANG_WARN_DEPRECATED_OBJC_IMPLEMENTATIONS = YES;
				CLANG_WARN_DIRECT_OBJC_ISA_USAGE = YES_ERROR;
				CLANG_WARN_DOCUMENTATION_COMMENTS = YES;
				CLANG_WARN_EMPTY_BODY = YES;
				CLANG_WARN_ENUM_CONVERSION = YES;
				CLANG_WARN_INFINITE_RECURSION = YES;
				CLANG_WARN_INT_CONVERSION = YES;
				CLANG_WARN_NON_LITERAL_NULL_CONVERSION = YES;
				CLANG_WARN_OBJC_IMPLICIT_RETAIN_SELF = YES;
				CLANG_WARN_OBJC_LITERAL_CONVERSION = YES;
				CLANG_WARN_OBJC_ROOT_CLASS = YES_ERROR;
				CLANG_WARN_QUOTED_INCLUDE_IN_FRAMEWORK_HEADER = YES;
				CLANG_WARN_RANGE_LOOP_ANALYSIS = YES;
				CLANG_WARN_STRICT_PROTOTYPES = YES;
				CLANG_WARN_SUSPICIOUS_MOVE = YES;
				CLANG_WARN_UNGUARDED_AVAILABILITY = YES_AGGRESSIVE;
				CLANG_WARN_UNREACHABLE_CODE = YES;
				CLANG_WARN__DUPLICATE_METHOD_MATCH = YES;
				COPY_PHASE_STRIP = NO;
				DEBUG_INFORMATION_FORMAT = dwarf;
				ENABLE_STRICT_OBJC_MSGSEND = YES;
				ENABLE_TESTABILITY = YES;
				GCC_C_LANGUAGE_STANDARD = gnu11;
				GCC_DYNAMIC_NO_PIC = NO;
				GCC_NO_COMMON_BLOCKS = YES;
				GCC_OPTIMIZATION_LEVEL = 0;
				GCC_PREPROCESSOR_DEFINITIONS = (
					"DEBUG=1",
					"$(inherited)",
				);
				GCC_WARN_64_TO_32_BIT_CONVERSION = YES;
				GCC_WARN_ABOUT_RETURN_TYPE = YES_ERROR;
				GCC_WARN_UNDECLARED_SELECTOR = YES;
				GCC_WARN_UNINITIALIZED_AUTOS = YES_AGGRESSIVE;
				GCC_WARN_UNUSED_FUNCTION = YES;
				GCC_WARN_UNUSED_VARIABLE = YES;
				IPHONEOS_DEPLOYMENT_TARGET = 14.3;
				MTL_ENABLE_DEBUG_INFO = INCLUDE_SOURCE;
				MTL_FAST_MATH = YES;
				ONLY_ACTIVE_ARCH = YES;
				SDKROOT = iphoneos;
				SWIFT_ACTIVE_COMPILATION_CONDITIONS = DEBUG;
				SWIFT_OPTIMIZATION_LEVEL = "-Onone";
			};
			name = Debug;
		};
		084AAC2E2590438E0023BFFA /* Release */ = {
			isa = XCBuildConfiguration;
			buildSettings = {
				ALWAYS_SEARCH_USER_PATHS = NO;
				CLANG_ANALYZER_NONNULL = YES;
				CLANG_ANALYZER_NUMBER_OBJECT_CONVERSION = YES_AGGRESSIVE;
				CLANG_CXX_LANGUAGE_STANDARD = "gnu++14";
				CLANG_CXX_LIBRARY = "libc++";
				CLANG_ENABLE_MODULES = YES;
				CLANG_ENABLE_OBJC_ARC = YES;
				CLANG_ENABLE_OBJC_WEAK = YES;
				CLANG_WARN_BLOCK_CAPTURE_AUTORELEASING = YES;
				CLANG_WARN_BOOL_CONVERSION = YES;
				CLANG_WARN_COMMA = YES;
				CLANG_WARN_CONSTANT_CONVERSION = YES;
				CLANG_WARN_DEPRECATED_OBJC_IMPLEMENTATIONS = YES;
				CLANG_WARN_DIRECT_OBJC_ISA_USAGE = YES_ERROR;
				CLANG_WARN_DOCUMENTATION_COMMENTS = YES;
				CLANG_WARN_EMPTY_BODY = YES;
				CLANG_WARN_ENUM_CONVERSION = YES;
				CLANG_WARN_INFINITE_RECURSION = YES;
				CLANG_WARN_INT_CONVERSION = YES;
				CLANG_WARN_NON_LITERAL_NULL_CONVERSION = YES;
				CLANG_WARN_OBJC_IMPLICIT_RETAIN_SELF = YES;
				CLANG_WARN_OBJC_LITERAL_CONVERSION = YES;
				CLANG_WARN_OBJC_ROOT_CLASS = YES_ERROR;
				CLANG_WARN_QUOTED_INCLUDE_IN_FRAMEWORK_HEADER = YES;
				CLANG_WARN_RANGE_LOOP_ANALYSIS = YES;
				CLANG_WARN_STRICT_PROTOTYPES = YES;
				CLANG_WARN_SUSPICIOUS_MOVE = YES;
				CLANG_WARN_UNGUARDED_AVAILABILITY = YES_AGGRESSIVE;
				CLANG_WARN_UNREACHABLE_CODE = YES;
				CLANG_WARN__DUPLICATE_METHOD_MATCH = YES;
				COPY_PHASE_STRIP = NO;
				DEBUG_INFORMATION_FORMAT = "dwarf-with-dsym";
				ENABLE_NS_ASSERTIONS = NO;
				ENABLE_STRICT_OBJC_MSGSEND = YES;
				GCC_C_LANGUAGE_STANDARD = gnu11;
				GCC_NO_COMMON_BLOCKS = YES;
				GCC_WARN_64_TO_32_BIT_CONVERSION = YES;
				GCC_WARN_ABOUT_RETURN_TYPE = YES_ERROR;
				GCC_WARN_UNDECLARED_SELECTOR = YES;
				GCC_WARN_UNINITIALIZED_AUTOS = YES_AGGRESSIVE;
				GCC_WARN_UNUSED_FUNCTION = YES;
				GCC_WARN_UNUSED_VARIABLE = YES;
				IPHONEOS_DEPLOYMENT_TARGET = 14.3;
				MTL_ENABLE_DEBUG_INFO = NO;
				MTL_FAST_MATH = YES;
				SDKROOT = iphoneos;
				SWIFT_COMPILATION_MODE = wholemodule;
				SWIFT_OPTIMIZATION_LEVEL = "-O";
				VALIDATE_PRODUCT = YES;
			};
			name = Release;
		};
		084AAC302590438E0023BFFA /* Debug */ = {
			isa = XCBuildConfiguration;
			buildSettings = {
				ASSETCATALOG_COMPILER_APPICON_NAME = AppIcon;
				ASSETCATALOG_COMPILER_GLOBAL_ACCENT_COLOR_NAME = AccentColor;
				CODE_SIGN_STYLE = Automatic;
				DEVELOPMENT_TEAM = 98UH75S5K2;
				INFOPLIST_FILE = ARTankDemo/Info.plist;
				LD_RUNPATH_SEARCH_PATHS = (
					"$(inherited)",
					"@executable_path/Frameworks",
				);
				PRODUCT_BUNDLE_IDENTIFIER = com.sicer.ARTankDemo;
				PRODUCT_NAME = "$(TARGET_NAME)";
				SWIFT_VERSION = 5.0;
				TARGETED_DEVICE_FAMILY = "1,2";
			};
			name = Debug;
		};
		084AAC312590438E0023BFFA /* Release */ = {
			isa = XCBuildConfiguration;
			buildSettings = {
				ASSETCATALOG_COMPILER_APPICON_NAME = AppIcon;
				ASSETCATALOG_COMPILER_GLOBAL_ACCENT_COLOR_NAME = AccentColor;
				CODE_SIGN_STYLE = Automatic;
				DEVELOPMENT_TEAM = 98UH75S5K2;
				INFOPLIST_FILE = ARTankDemo/Info.plist;
				LD_RUNPATH_SEARCH_PATHS = (
					"$(inherited)",
					"@executable_path/Frameworks",
				);
				PRODUCT_BUNDLE_IDENTIFIER = com.sicer.ARTankDemo;
				PRODUCT_NAME = "$(TARGET_NAME)";
				SWIFT_VERSION = 5.0;
				TARGETED_DEVICE_FAMILY = "1,2";
			};
			name = Release;
		};
/* End XCBuildConfiguration section */

/* Begin XCConfigurationList section */
		084AAC162590438D0023BFFA /* Build configuration list for PBXProject "ARTankDemo" */ = {
			isa = XCConfigurationList;
			buildConfigurations = (
				084AAC2D2590438E0023BFFA /* Debug */,
				084AAC2E2590438E0023BFFA /* Release */,
			);
			defaultConfigurationIsVisible = 0;
			defaultConfigurationName = Release;
		};
		084AAC2F2590438E0023BFFA /* Build configuration list for PBXNativeTarget "ARTankDemo" */ = {
			isa = XCConfigurationList;
			buildConfigurations = (
				084AAC302590438E0023BFFA /* Debug */,
				084AAC312590438E0023BFFA /* Release */,
			);
			defaultConfigurationIsVisible = 0;
			defaultConfigurationName = Release;
		};
/* End XCConfigurationList section */
	};
	rootObject = 084AAC132590438D0023BFFA /* Project object */;
}
